
Microsoft Visual Studio Solution File, Format Version 12.00
# Visual Studio 15
Project("{FAE04EC0-301F-11D3-BF4B-00C04F79EFBC}") = "Assembly-CSharp", "Assembly-CSharp.csproj", "{FB324058-D169-3654-AB35-4B3C6A8F234F}"
EndProject
Project("{FAE04EC0-301F-11D3-BF4B-00C04F79EFBC}") = "Assembly-CSharp-Editor", "Assembly-CSharp-Editor.csproj", "{BAD957CE-D721-3411-0D8A-4FE4EA3BD45B}"
EndProject
Global
	GlobalSection(SolutionConfigurationPlatforms) = preSolution
		Debug|Any CPU = Debug|Any CPU
		Release|Any CPU = Release|Any CPU
	EndGlobalSection
	GlobalSection(ProjectConfigurationPlatforms) = postSolution
		{FB324058-D169-3654-AB35-4B3C6A8F234F}.Debug|Any CPU.ActiveCfg = Debug|Any CPU
		{FB324058-D169-3654-AB35-4B3C6A8F234F}.Debug|Any CPU.Build.0 = Debug|Any CPU
		{FB324058-D169-3654-AB35-4B3C6A8F234F}.Release|Any CPU.ActiveCfg = Release|Any CPU
		{FB324058-D169-3654-AB35-4B3C6A8F234F}.Release|Any CPU.Build.0 = Release|Any CPU
		{BAD957CE-D721-3411-0D8A-4FE4EA3BD45B}.Debug|Any CPU.ActiveCfg = Debug|Any CPU
		{BAD957CE-D721-3411-0D8A-4FE4EA3BD45B}.Debug|Any CPU.Build.0 = Debug|Any CPU
		{BAD957CE-D721-3411-0D8A-4FE4EA3BD45B}.Release|Any CPU.ActiveCfg = Release|Any CPU
		{BAD957CE-D721-3411-0D8A-4FE4EA3BD45B}.Release|Any CPU.Build.0 = Release|Any CPU
	EndGlobalSection
	GlobalSection(SolutionProperties) = preSolution
		HideSolutionNode = FALSE
	EndGlobalSection
EndGlobal
